// !$*UTF8*$!
{
	archiveVersion = 1;
	classes = {
	};
	objectVersion = 46;
	objects = {

/* Begin PBXBuildFile section */
		F8AEA27419DC58C0008F2C85 /* ITMain.swift in Sources */ = {isa = PBXBuildFile; fileRef = F8AEA27319DC58C0008F2C85 /* ITMain.swift */; };
		F8AEA27D19DC5E37008F2C85 /* ITCommand.swift in Sources */ = {isa = PBXBuildFile; fileRef = F8AEA27C19DC5E37008F2C85 /* ITCommand.swift */; };
		F8C5D30019E07F5300B19D97 /* IpaToolCommandUsage.swift in Sources */ = {isa = PBXBuildFile; fileRef = F8C5D2FF19E07F5300B19D97 /* IpaToolCommandUsage.swift */; };
		F8C5D30219E0823500B19D97 /* ITCommandFactoryTests.swift in Sources */ = {isa = PBXBuildFile; fileRef = F8C5D30119E0823500B19D97 /* ITCommandFactoryTests.swift */; };
		F8D5B4D719D9B94F00A779D2 /* IpaToolTests.swift in Sources */ = {isa = PBXBuildFile; fileRef = F8D5B4D619D9B94F00A779D2 /* IpaToolTests.swift */; };
/* End PBXBuildFile section */

/* Begin PBXFileReference section */
		F8AEA27319DC58C0008F2C85 /* ITMain.swift */ = {isa = PBXFileReference; fileEncoding = 4; lastKnownFileType = sourcecode.swift; lineEnding = 0; path = ITMain.swift; sourceTree = "<group>"; xcLanguageSpecificationIdentifier = xcode.lang.swift; };
		F8AEA27919DC5A56008F2C85 /* footer.swift */ = {isa = PBXFileReference; lastKnownFileType = sourcecode.swift; path = footer.swift; sourceTree = "<group>"; };
		F8AEA27A19DC5A56008F2C85 /* header.swift */ = {isa = PBXFileReference; lastKnownFileType = sourcecode.swift; path = header.swift; sourceTree = "<group>"; };
		F8AEA27B19DC5A56008F2C85 /* Makefile */ = {isa = PBXFileReference; lastKnownFileType = sourcecode.make; path = Makefile; sourceTree = "<group>"; };
		F8AEA27C19DC5E37008F2C85 /* ITCommand.swift */ = {isa = PBXFileReference; fileEncoding = 4; lastKnownFileType = sourcecode.swift; lineEnding = 0; path = ITCommand.swift; sourceTree = "<group>"; xcLanguageSpecificationIdentifier = xcode.lang.swift; };
		F8C5D2FF19E07F5300B19D97 /* IpaToolCommandUsage.swift */ = {isa = PBXFileReference; fileEncoding = 4; lastKnownFileType = sourcecode.swift; lineEnding = 0; path = IpaToolCommandUsage.swift; sourceTree = "<group>"; xcLanguageSpecificationIdentifier = xcode.lang.swift; };
		F8C5D30119E0823500B19D97 /* ITCommandFactoryTests.swift */ = {isa = PBXFileReference; fileEncoding = 4; lastKnownFileType = sourcecode.swift; path = ITCommandFactoryTests.swift; sourceTree = "<group>"; };
		F8D5B4D019D9B94F00A779D2 /* IpaToolTests.xctest */ = {isa = PBXFileReference; explicitFileType = wrapper.cfbundle; includeInIndex = 0; path = IpaToolTests.xctest; sourceTree = BUILT_PRODUCTS_DIR; };
		F8D5B4D519D9B94F00A779D2 /* Info.plist */ = {isa = PBXFileReference; lastKnownFileType = text.plist.xml; path = Info.plist; sourceTree = "<group>"; };
		F8D5B4D619D9B94F00A779D2 /* IpaToolTests.swift */ = {isa = PBXFileReference; lastKnownFileType = sourcecode.swift; path = IpaToolTests.swift; sourceTree = "<group>"; };
/* End PBXFileReference section */

/* Begin PBXFrameworksBuildPhase section */
		F8D5B4CD19D9B94F00A779D2 /* Frameworks */ = {
			isa = PBXFrameworksBuildPhase;
			buildActionMask = 2147483647;
			files = (
			);
			runOnlyForDeploymentPostprocessing = 0;
		};
/* End PBXFrameworksBuildPhase section */

/* Begin PBXGroup section */
		F8AEA25219DC4EA2008F2C85 /* IpaTool */ = {
			isa = PBXGroup;
			children = (
				F8AEA27219DC58C0008F2C85 /* Source */,
				F8AEA27A19DC5A56008F2C85 /* header.swift */,
				F8AEA27919DC5A56008F2C85 /* footer.swift */,
				F8AEA27B19DC5A56008F2C85 /* Makefile */,
			);
			path = IpaTool;
			sourceTree = "<group>";
		};
		F8AEA27219DC58C0008F2C85 /* Source */ = {
			isa = PBXGroup;
			children = (
				F8AEA27319DC58C0008F2C85 /* ITMain.swift */,
				F8AEA27C19DC5E37008F2C85 /* ITCommand.swift */,
				F8C5D2FF19E07F5300B19D97 /* IpaToolCommandUsage.swift */,
			);
			path = Source;
			sourceTree = "<group>";
		};
		F8D5B4B219D9B94F00A779D2 = {
			isa = PBXGroup;
			children = (
				F8AEA25219DC4EA2008F2C85 /* IpaTool */,
				F8D5B4D319D9B94F00A779D2 /* IpaToolTests */,
				F8D5B4BC19D9B94F00A779D2 /* Products */,
			);
			sourceTree = "<group>";
		};
		F8D5B4BC19D9B94F00A779D2 /* Products */ = {
			isa = PBXGroup;
			children = (
				F8D5B4D019D9B94F00A779D2 /* IpaToolTests.xctest */,
			);
			name = Products;
			sourceTree = "<group>";
		};
		F8D5B4D319D9B94F00A779D2 /* IpaToolTests */ = {
			isa = PBXGroup;
			children = (
				F8D5B4D419D9B94F00A779D2 /* Supporting Files */,
				F8D5B4D619D9B94F00A779D2 /* IpaToolTests.swift */,
				F8C5D30119E0823500B19D97 /* ITCommandFactoryTests.swift */,
			);
			path = IpaToolTests;
			sourceTree = "<group>";
		};
		F8D5B4D419D9B94F00A779D2 /* Supporting Files */ = {
			isa = PBXGroup;
			children = (
				F8D5B4D519D9B94F00A779D2 /* Info.plist */,
			);
			name = "Supporting Files";
			sourceTree = "<group>";
		};
/* End PBXGroup section */

/* Begin PBXLegacyTarget section */
		F8AEA27519DC59EA008F2C85 /* ipatool */ = {
			isa = PBXLegacyTarget;
			buildArgumentsString = "$(ACTION)";
			buildConfigurationList = F8AEA27619DC59EA008F2C85 /* Build configuration list for PBXLegacyTarget "ipatool" */;
			buildPhases = (
			);
			buildToolPath = /usr/bin/make;
			buildWorkingDirectory = IpaTool;
			dependencies = (
			);
			name = ipatool;
			passBuildSettingsInEnvironment = 1;
			productName = ipatool;
		};
/* End PBXLegacyTarget section */

/* Begin PBXNativeTarget section */
		F8D5B4CF19D9B94F00A779D2 /* IpaToolTests */ = {
			isa = PBXNativeTarget;
			buildConfigurationList = F8D5B4DD19D9B94F00A779D2 /* Build configuration list for PBXNativeTarget "IpaToolTests" */;
			buildPhases = (
				F8D5B4CC19D9B94F00A779D2 /* Sources */,
				F8D5B4CD19D9B94F00A779D2 /* Frameworks */,
				F8D5B4CE19D9B94F00A779D2 /* Resources */,
			);
			buildRules = (
			);
			dependencies = (
			);
			name = IpaToolTests;
			productName = IpaToolTests;
			productReference = F8D5B4D019D9B94F00A779D2 /* IpaToolTests.xctest */;
			productType = "com.apple.product-type.bundle.unit-test";
		};
/* End PBXNativeTarget section */

/* Begin PBXProject section */
		F8D5B4B319D9B94F00A779D2 /* Project object */ = {
			isa = PBXProject;
			attributes = {
				CLASSPREFIX = IT;
				LastUpgradeCheck = 0600;
				ORGANIZATIONNAME = "Stefan van den Oord";
				TargetAttributes = {
					F8AEA27519DC59EA008F2C85 = {
						CreatedOnToolsVersion = 6.0.1;
					};
					F8D5B4CF19D9B94F00A779D2 = {
						CreatedOnToolsVersion = 6.0.1;
						TestTargetID = F8D5B4BA19D9B94F00A779D2;
					};
				};
			};
			buildConfigurationList = F8D5B4B619D9B94F00A779D2 /* Build configuration list for PBXProject "IpaTool" */;
			compatibilityVersion = "Xcode 3.2";
			developmentRegion = English;
			hasScannedForEncodings = 0;
			knownRegions = (
				en,
				Base,
			);
			mainGroup = F8D5B4B219D9B94F00A779D2;
			productRefGroup = F8D5B4BC19D9B94F00A779D2 /* Products */;
			projectDirPath = "";
			projectRoot = "";
			targets = (
				F8D5B4CF19D9B94F00A779D2 /* IpaToolTests */,
				F8AEA27519DC59EA008F2C85 /* ipatool */,
			);
		};
/* End PBXProject section */

/* Begin PBXResourcesBuildPhase section */
		F8D5B4CE19D9B94F00A779D2 /* Resources */ = {
			isa = PBXResourcesBuildPhase;
			buildActionMask = 2147483647;
			files = (
			);
			runOnlyForDeploymentPostprocessing = 0;
		};
/* End PBXResourcesBuildPhase section */

/* Begin PBXSourcesBuildPhase section */
		F8D5B4CC19D9B94F00A779D2 /* Sources */ = {
			isa = PBXSourcesBuildPhase;
			buildActionMask = 2147483647;
			files = (
				F8C5D30019E07F5300B19D97 /* IpaToolCommandUsage.swift in Sources */,
				F8D5B4D719D9B94F00A779D2 /* IpaToolTests.swift in Sources */,
				F8C5D30219E0823500B19D97 /* ITCommandFactoryTests.swift in Sources */,
				F8AEA27D19DC5E37008F2C85 /* ITCommand.swift in Sources */,
				F8AEA27419DC58C0008F2C85 /* ITMain.swift in Sources */,
			);
			runOnlyForDeploymentPostprocessing = 0;
		};
/* End PBXSourcesBuildPhase section */

/* Begin XCBuildConfiguration section */
		F8AEA27719DC59EA008F2C85 /* Debug */ = {
			isa = XCBuildConfiguration;
			buildSettings = {
				DEBUGGING_SYMBOLS = YES;
				GCC_GENERATE_DEBUGGING_SYMBOLS = YES;
				GCC_OPTIMIZATION_LEVEL = 0;
				GCC_PREPROCESSOR_DEFINITIONS = (
					"DEBUG=1",
					"$(inherited)",
				);
				MACOSX_DEPLOYMENT_TARGET = 10.9;
				OTHER_CFLAGS = "";
				OTHER_LDFLAGS = "";
				PRODUCT_NAME = "$(TARGET_NAME)";
				SDKROOT = macosx;
			};
			name = Debug;
		};
		F8AEA27819DC59EA008F2C85 /* Release */ = {
			isa = XCBuildConfiguration;
			buildSettings = {
				DEBUG_INFORMATION_FORMAT = "dwarf-with-dsym";
				MACOSX_DEPLOYMENT_TARGET = 10.9;
				OTHER_CFLAGS = "";
				OTHER_LDFLAGS = "";
				PRODUCT_NAME = "$(TARGET_NAME)";
				SDKROOT = macosx;
			};
			name = Release;
		};
		F8D5B4D819D9B94F00A779D2 /* Debug */ = {
			isa = XCBuildConfiguration;
			buildSettings = {
				ALWAYS_SEARCH_USER_PATHS = NO;
				CLANG_CXX_LANGUAGE_STANDARD = "gnu++0x";
				CLANG_CXX_LIBRARY = "libc++";
				CLANG_ENABLE_MODULES = YES;
				CLANG_ENABLE_OBJC_ARC = YES;
				CLANG_WARN_BOOL_CONVERSION = YES;
				CLANG_WARN_CONSTANT_CONVERSION = YES;
				CLANG_WARN_DIRECT_OBJC_ISA_USAGE = YES_ERROR;
				CLANG_WARN_EMPTY_BODY = YES;
				CLANG_WARN_ENUM_CONVERSION = YES;
				CLANG_WARN_INT_CONVERSION = YES;
				CLANG_WARN_OBJC_ROOT_CLASS = YES_ERROR;
				CLANG_WARN_UNREACHABLE_CODE = YES;
				CLANG_WARN__DUPLICATE_METHOD_MATCH = YES;
				"CODE_SIGN_IDENTITY[sdk=iphoneos*]" = "iPhone Developer";
				COPY_PHASE_STRIP = NO;
				ENABLE_STRICT_OBJC_MSGSEND = YES;
				GCC_C_LANGUAGE_STANDARD = gnu99;
				GCC_DYNAMIC_NO_PIC = NO;
				GCC_OPTIMIZATION_LEVEL = 0;
				GCC_PREPROCESSOR_DEFINITIONS = (
					"DEBUG=1",
					"$(inherited)",
				);
				GCC_SYMBOLS_PRIVATE_EXTERN = NO;
				GCC_WARN_64_TO_32_BIT_CONVERSION = YES;
				GCC_WARN_ABOUT_RETURN_TYPE = YES_ERROR;
				GCC_WARN_UNDECLARED_SELECTOR = YES;
				GCC_WARN_UNINITIALIZED_AUTOS = YES_AGGRESSIVE;
				GCC_WARN_UNUSED_FUNCTION = YES;
				GCC_WARN_UNUSED_VARIABLE = YES;
				IPHONEOS_DEPLOYMENT_TARGET = 8.0;
				MTL_ENABLE_DEBUG_INFO = YES;
				ONLY_ACTIVE_ARCH = YES;
				SDKROOT = iphoneos;
				SWIFT_OPTIMIZATION_LEVEL = "-Onone";
				TARGETED_DEVICE_FAMILY = "1,2";
			};
			name = Debug;
		};
		F8D5B4D919D9B94F00A779D2 /* Release */ = {
			isa = XCBuildConfiguration;
			buildSettings = {
				ALWAYS_SEARCH_USER_PATHS = NO;
				CLANG_CXX_LANGUAGE_STANDARD = "gnu++0x";
				CLANG_CXX_LIBRARY = "libc++";
				CLANG_ENABLE_MODULES = YES;
				CLANG_ENABLE_OBJC_ARC = YES;
				CLANG_WARN_BOOL_CONVERSION = YES;
				CLANG_WARN_CONSTANT_CONVERSION = YES;
				CLANG_WARN_DIRECT_OBJC_ISA_USAGE = YES_ERROR;
				CLANG_WARN_EMPTY_BODY = YES;
				CLANG_WARN_ENUM_CONVERSION = YES;
				CLANG_WARN_INT_CONVERSION = YES;
				CLANG_WARN_OBJC_ROOT_CLASS = YES_ERROR;
				CLANG_WARN_UNREACHABLE_CODE = YES;
				CLANG_WARN__DUPLICATE_METHOD_MATCH = YES;
				"CODE_SIGN_IDENTITY[sdk=iphoneos*]" = "iPhone Developer";
				COPY_PHASE_STRIP = YES;
				ENABLE_NS_ASSERTIONS = NO;
				ENABLE_STRICT_OBJC_MSGSEND = YES;
				GCC_C_LANGUAGE_STANDARD = gnu99;
				GCC_WARN_64_TO_32_BIT_CONVERSION = YES;
				GCC_WARN_ABOUT_RETURN_TYPE = YES_ERROR;
				GCC_WARN_UNDECLARED_SELECTOR = YES;
				GCC_WARN_UNINITIALIZED_AUTOS = YES_AGGRESSIVE;
				GCC_WARN_UNUSED_FUNCTION = YES;
				GCC_WARN_UNUSED_VARIABLE = YES;
				IPHONEOS_DEPLOYMENT_TARGET = 8.0;
				MTL_ENABLE_DEBUG_INFO = NO;
				SDKROOT = iphoneos;
				TARGETED_DEVICE_FAMILY = "1,2";
				VALIDATE_PRODUCT = YES;
			};
			name = Release;
		};
		F8D5B4DE19D9B94F00A779D2 /* Debug */ = {
			isa = XCBuildConfiguration;
			buildSettings = {
				BUNDLE_LOADER = "$(TEST_HOST)";
				FRAMEWORK_SEARCH_PATHS = (
					"$(SDKROOT)/Developer/Library/Frameworks",
					"$(inherited)",
				);
				GCC_PREPROCESSOR_DEFINITIONS = (
					"DEBUG=1",
					"$(inherited)",
				);
				INFOPLIST_FILE = IpaToolTests/Info.plist;
				LD_RUNPATH_SEARCH_PATHS = "$(inherited) @executable_path/Frameworks @loader_path/Frameworks";
				PRODUCT_NAME = "$(TARGET_NAME)";
				TEST_HOST = "$(BUILT_PRODUCTS_DIR)/IpaTool.app/IpaTool";
			};
			name = Debug;
		};
		F8D5B4DF19D9B94F00A779D2 /* Release */ = {
			isa = XCBuildConfiguration;
			buildSettings = {
				BUNDLE_LOADER = "$(TEST_HOST)";
				FRAMEWORK_SEARCH_PATHS = (
					"$(SDKROOT)/Developer/Library/Frameworks",
					"$(inherited)",
				);
				INFOPLIST_FILE = IpaToolTests/Info.plist;
				LD_RUNPATH_SEARCH_PATHS = "$(inherited) @executable_path/Frameworks @loader_path/Frameworks";
				PRODUCT_NAME = "$(TARGET_NAME)";
				TEST_HOST = "$(BUILT_PRODUCTS_DIR)/IpaTool.app/IpaTool";
			};
			name = Release;
		};
/* End XCBuildConfiguration section */

/* Begin XCConfigurationList section */
		F8AEA27619DC59EA008F2C85 /* Build configuration list for PBXLegacyTarget "ipatool" */ = {
			isa = XCConfigurationList;
			buildConfigurations = (
				F8AEA27719DC59EA008F2C85 /* Debug */,
				F8AEA27819DC59EA008F2C85 /* Release */,
			);
			defaultConfigurationIsVisible = 0;
			defaultConfigurationName = Release;
		};
		F8D5B4B619D9B94F00A779D2 /* Build configuration list for PBXProject "IpaTool" */ = {
			isa = XCConfigurationList;
			buildConfigurations = (
				F8D5B4D819D9B94F00A779D2 /* Debug */,
				F8D5B4D919D9B94F00A779D2 /* Release */,
			);
			defaultConfigurationIsVisible = 0;
			defaultConfigurationName = Release;
		};
		F8D5B4DD19D9B94F00A779D2 /* Build configuration list for PBXNativeTarget "IpaToolTests" */ = {
			isa = XCConfigurationList;
			buildConfigurations = (
				F8D5B4DE19D9B94F00A779D2 /* Debug */,
				F8D5B4DF19D9B94F00A779D2 /* Release */,
			);
			defaultConfigurationIsVisible = 0;
			defaultConfigurationName = Release;
		};
/* End XCConfigurationList section */
	};
	rootObject = F8D5B4B319D9B94F00A779D2 /* Project object */;
}
