// !$*UTF8*$!
{
	archiveVersion = 1;
	classes = {
	};
	objectVersion = 46;
	objects = {

/* Begin PBXBuildFile section */
		1DFB6B36377FE1514A8AFBA6 /* Pods_ipatool.framework in Frameworks */ = {isa = PBXBuildFile; fileRef = A6448FFABE10D1E7AD0DF352 /* Pods_ipatool.framework */; };
		EF4E861B04B8AD125C181E59 /* Pods_ipatool_ipatoolTests.framework in Frameworks */ = {isa = PBXBuildFile; fileRef = 23383AB1ED86DB9A85141D20 /* Pods_ipatool_ipatoolTests.framework */; };
		F803A14A1A28FE9700FAD51A /* IPTCommandVersionTests.swift in Sources */ = {isa = PBXBuildFile; fileRef = F803A1491A28FE9700FAD51A /* IPTCommandVersionTests.swift */; };
		F803A14C1A28FF4600FAD51A /* IPTCommandVersion.swift in Sources */ = {isa = PBXBuildFile; fileRef = F803A14B1A28FF4600FAD51A /* IPTCommandVersion.swift */; };
		F803A14D1A28FF4800FAD51A /* IPTCommandVersion.swift in Sources */ = {isa = PBXBuildFile; fileRef = F803A14B1A28FF4600FAD51A /* IPTCommandVersion.swift */; };
		F803A1521A29028000FAD51A /* IPTCommandBuildTests.swift in Sources */ = {isa = PBXBuildFile; fileRef = F803A1511A29028000FAD51A /* IPTCommandBuildTests.swift */; };
		F803A1541A2902C900FAD51A /* IPTCommandBuild.swift in Sources */ = {isa = PBXBuildFile; fileRef = F803A1531A2902C900FAD51A /* IPTCommandBuild.swift */; };
		F803A1551A2902C900FAD51A /* IPTCommandBuild.swift in Sources */ = {isa = PBXBuildFile; fileRef = F803A1531A2902C900FAD51A /* IPTCommandBuild.swift */; };
		F803A1591A290B2F00FAD51A /* IPTCommandResign.swift in Sources */ = {isa = PBXBuildFile; fileRef = F803A1581A290B2F00FAD51A /* IPTCommandResign.swift */; };
		F803A15A1A290B2F00FAD51A /* IPTCommandResign.swift in Sources */ = {isa = PBXBuildFile; fileRef = F803A1581A290B2F00FAD51A /* IPTCommandResign.swift */; };
		F803A1641A29163600FAD51A /* AppDelegate.swift in Sources */ = {isa = PBXBuildFile; fileRef = F803A1631A29163600FAD51A /* AppDelegate.swift */; };
		F803A1661A29163600FAD51A /* ViewController.swift in Sources */ = {isa = PBXBuildFile; fileRef = F803A1651A29163600FAD51A /* ViewController.swift */; };
		F803A1691A29163600FAD51A /* Main.storyboard in Resources */ = {isa = PBXBuildFile; fileRef = F803A1671A29163600FAD51A /* Main.storyboard */; };
		F803A16B1A29163600FAD51A /* Images.xcassets in Resources */ = {isa = PBXBuildFile; fileRef = F803A16A1A29163600FAD51A /* Images.xcassets */; };
		F803A16E1A29163600FAD51A /* LaunchScreen.xib in Resources */ = {isa = PBXBuildFile; fileRef = F803A16C1A29163600FAD51A /* LaunchScreen.xib */; };
		F829F4AB1A178F8C001A34A7 /* main.swift in Sources */ = {isa = PBXBuildFile; fileRef = F829F4AA1A178F8C001A34A7 /* main.swift */; };
		F829F4C21A178FCE001A34A7 /* ITCommandFactoryTests.swift in Sources */ = {isa = PBXBuildFile; fileRef = F829F4BE1A178FCE001A34A7 /* ITCommandFactoryTests.swift */; };
		F829F4C31A178FCE001A34A7 /* ITCommandInfoTests.swift in Sources */ = {isa = PBXBuildFile; fileRef = F829F4BF1A178FCE001A34A7 /* ITCommandInfoTests.swift */; };
		F829F4C41A178FCE001A34A7 /* ITIpaTests.swift in Sources */ = {isa = PBXBuildFile; fileRef = F829F4C01A178FCE001A34A7 /* ITIpaTests.swift */; };
		F829F4C51A178FCE001A34A7 /* ITMainTests.swift in Sources */ = {isa = PBXBuildFile; fileRef = F829F4C11A178FCE001A34A7 /* ITMainTests.swift */; };
		F829F4D01A179007001A34A7 /* ITCommand.swift in Sources */ = {isa = PBXBuildFile; fileRef = F829F4CA1A179007001A34A7 /* ITCommand.swift */; };
		F829F4D11A179007001A34A7 /* ITCommandFactory.swift in Sources */ = {isa = PBXBuildFile; fileRef = F829F4CB1A179007001A34A7 /* ITCommandFactory.swift */; };
		F829F4D21A179007001A34A7 /* ITCommandInfo.swift in Sources */ = {isa = PBXBuildFile; fileRef = F829F4CC1A179007001A34A7 /* ITCommandInfo.swift */; };
		F829F4D31A179007001A34A7 /* ITCommandUsage.swift in Sources */ = {isa = PBXBuildFile; fileRef = F829F4CD1A179007001A34A7 /* ITCommandUsage.swift */; };
		F829F4D41A179007001A34A7 /* ITIpa.swift in Sources */ = {isa = PBXBuildFile; fileRef = F829F4CE1A179007001A34A7 /* ITIpa.swift */; };
		F829F4D51A179007001A34A7 /* ITMain.swift in Sources */ = {isa = PBXBuildFile; fileRef = F829F4CF1A179007001A34A7 /* ITMain.swift */; };
		F829F4D71A179110001A34A7 /* ITCommand.swift in Sources */ = {isa = PBXBuildFile; fileRef = F829F4CA1A179007001A34A7 /* ITCommand.swift */; };
		F829F4D81A179110001A34A7 /* ITCommandFactory.swift in Sources */ = {isa = PBXBuildFile; fileRef = F829F4CB1A179007001A34A7 /* ITCommandFactory.swift */; };
		F829F4D91A179110001A34A7 /* ITCommandInfo.swift in Sources */ = {isa = PBXBuildFile; fileRef = F829F4CC1A179007001A34A7 /* ITCommandInfo.swift */; };
		F829F4DA1A179110001A34A7 /* ITCommandUsage.swift in Sources */ = {isa = PBXBuildFile; fileRef = F829F4CD1A179007001A34A7 /* ITCommandUsage.swift */; };
		F829F4DB1A179110001A34A7 /* ITIpa.swift in Sources */ = {isa = PBXBuildFile; fileRef = F829F4CE1A179007001A34A7 /* ITIpa.swift */; };
		F829F4DC1A179110001A34A7 /* ITMain.swift in Sources */ = {isa = PBXBuildFile; fileRef = F829F4CF1A179007001A34A7 /* ITMain.swift */; };
		F829F4DD1A179128001A34A7 /* testConfig.json in Resources */ = {isa = PBXBuildFile; fileRef = F829F4C61A178FDF001A34A7 /* testConfig.json */; };
		F83A04661A2D0C3C00966DF4 /* IPTSystemCommand.swift in Sources */ = {isa = PBXBuildFile; fileRef = F83A04651A2D0C3C00966DF4 /* IPTSystemCommand.swift */; };
		F83A04671A2D0C3C00966DF4 /* IPTSystemCommand.swift in Sources */ = {isa = PBXBuildFile; fileRef = F83A04651A2D0C3C00966DF4 /* IPTSystemCommand.swift */; };
		F83A04691A2D0C5100966DF4 /* IPTSystemCommandTests.swift in Sources */ = {isa = PBXBuildFile; fileRef = F83A04681A2D0C5100966DF4 /* IPTSystemCommandTests.swift */; };
		F858704E1F5FFE340000E7D0 /* SSZipArchive.framework in Frameworks */ = {isa = PBXBuildFile; fileRef = F858704C1F5FFD610000E7D0 /* SSZipArchive.framework */; };
		F862CD511A29320900AC1B8B /* IPTCommandResignTests.swift in Sources */ = {isa = PBXBuildFile; fileRef = F803A1561A2905CC00FAD51A /* IPTCommandResignTests.swift */; };
		F882C91E1A179D5800DDC548 /* ITTestConfig.swift in Sources */ = {isa = PBXBuildFile; fileRef = F882C91D1A179D5800DDC548 /* ITTestConfig.swift */; };
		F882C9201A1E8B0E00DDC548 /* ITCMSDecoder.swift in Sources */ = {isa = PBXBuildFile; fileRef = F882C91F1A1E8B0E00DDC548 /* ITCMSDecoder.swift */; };
		F882C9211A1E8C3400DDC548 /* ITCMSDecoder.swift in Sources */ = {isa = PBXBuildFile; fileRef = F882C91F1A1E8B0E00DDC548 /* ITCMSDecoder.swift */; };
		F882C9261A1FC42700DDC548 /* ITSecCertificate.swift in Sources */ = {isa = PBXBuildFile; fileRef = F882C9251A1FC42700DDC548 /* ITSecCertificate.swift */; };
		F882C9271A1FC42700DDC548 /* ITSecCertificate.swift in Sources */ = {isa = PBXBuildFile; fileRef = F882C9251A1FC42700DDC548 /* ITSecCertificate.swift */; };
		F882C9291A1FCDA700DDC548 /* ITProvisioningProfile.swift in Sources */ = {isa = PBXBuildFile; fileRef = F882C9281A1FCDA700DDC548 /* ITProvisioningProfile.swift */; };
		F882C92A1A1FCDA700DDC548 /* ITProvisioningProfile.swift in Sources */ = {isa = PBXBuildFile; fileRef = F882C9281A1FCDA700DDC548 /* ITProvisioningProfile.swift */; };
		F8BAA8931C4E860D006B93FB /* SampleApp_Ad_Hoc.mobileprovision in Resources */ = {isa = PBXBuildFile; fileRef = F8BAA8921C4E860D006B93FB /* SampleApp_Ad_Hoc.mobileprovision */; };
/* End PBXBuildFile section */

/* Begin PBXContainerItemProxy section */
		F8BAA8901C4E8599006B93FB /* PBXContainerItemProxy */ = {
			isa = PBXContainerItemProxy;
			containerPortal = F829F49F1A178F8C001A34A7 /* Project object */;
			proxyType = 1;
			remoteGlobalIDString = F803A15E1A29163600FAD51A;
			remoteInfo = SampleApp;
		};
/* End PBXContainerItemProxy section */

/* Begin PBXCopyFilesBuildPhase section */
		F829F4A51A178F8C001A34A7 /* CopyFiles */ = {
			isa = PBXCopyFilesBuildPhase;
			buildActionMask = 2147483647;
			dstPath = /usr/share/man/man1/;
			dstSubfolderSpec = 0;
			files = (
			);
			runOnlyForDeploymentPostprocessing = 1;
		};
/* End PBXCopyFilesBuildPhase section */

/* Begin PBXFileReference section */
		13BA98BF844B905A6D678D99 /* Pods-ipatool.release.xcconfig */ = {isa = PBXFileReference; includeInIndex = 1; lastKnownFileType = text.xcconfig; name = "Pods-ipatool.release.xcconfig"; path = "Pods/Target Support Files/Pods-ipatool/Pods-ipatool.release.xcconfig"; sourceTree = "<group>"; };
		23383AB1ED86DB9A85141D20 /* Pods_ipatool_ipatoolTests.framework */ = {isa = PBXFileReference; explicitFileType = wrapper.framework; includeInIndex = 0; path = Pods_ipatool_ipatoolTests.framework; sourceTree = BUILT_PRODUCTS_DIR; };
		4B0D96E4559B988C7877855A /* Pods-ipatool.debug.xcconfig */ = {isa = PBXFileReference; includeInIndex = 1; lastKnownFileType = text.xcconfig; name = "Pods-ipatool.debug.xcconfig"; path = "Pods/Target Support Files/Pods-ipatool/Pods-ipatool.debug.xcconfig"; sourceTree = "<group>"; };
		66700EB0B04EC85B6B453287 /* Pods-ipatool-ipatoolTests.release.xcconfig */ = {isa = PBXFileReference; includeInIndex = 1; lastKnownFileType = text.xcconfig; name = "Pods-ipatool-ipatoolTests.release.xcconfig"; path = "Pods/Target Support Files/Pods-ipatool-ipatoolTests/Pods-ipatool-ipatoolTests.release.xcconfig"; sourceTree = "<group>"; };
		A6448FFABE10D1E7AD0DF352 /* Pods_ipatool.framework */ = {isa = PBXFileReference; explicitFileType = wrapper.framework; includeInIndex = 0; path = Pods_ipatool.framework; sourceTree = BUILT_PRODUCTS_DIR; };
		DB21367DF2C02A87DC9793B0 /* Pods-ipatool-ipatoolTests.debug.xcconfig */ = {isa = PBXFileReference; includeInIndex = 1; lastKnownFileType = text.xcconfig; name = "Pods-ipatool-ipatoolTests.debug.xcconfig"; path = "Pods/Target Support Files/Pods-ipatool-ipatoolTests/Pods-ipatool-ipatoolTests.debug.xcconfig"; sourceTree = "<group>"; };
		F803A1491A28FE9700FAD51A /* IPTCommandVersionTests.swift */ = {isa = PBXFileReference; fileEncoding = 4; lastKnownFileType = sourcecode.swift; path = IPTCommandVersionTests.swift; sourceTree = "<group>"; };
		F803A14B1A28FF4600FAD51A /* IPTCommandVersion.swift */ = {isa = PBXFileReference; fileEncoding = 4; lastKnownFileType = sourcecode.swift; path = IPTCommandVersion.swift; sourceTree = "<group>"; };
		F803A1511A29028000FAD51A /* IPTCommandBuildTests.swift */ = {isa = PBXFileReference; fileEncoding = 4; lastKnownFileType = sourcecode.swift; path = IPTCommandBuildTests.swift; sourceTree = "<group>"; };
		F803A1531A2902C900FAD51A /* IPTCommandBuild.swift */ = {isa = PBXFileReference; fileEncoding = 4; lastKnownFileType = sourcecode.swift; path = IPTCommandBuild.swift; sourceTree = "<group>"; };
		F803A1561A2905CC00FAD51A /* IPTCommandResignTests.swift */ = {isa = PBXFileReference; fileEncoding = 4; lastKnownFileType = sourcecode.swift; path = IPTCommandResignTests.swift; sourceTree = "<group>"; };
		F803A1581A290B2F00FAD51A /* IPTCommandResign.swift */ = {isa = PBXFileReference; fileEncoding = 4; lastKnownFileType = sourcecode.swift; path = IPTCommandResign.swift; sourceTree = "<group>"; };
		F803A15F1A29163600FAD51A /* SampleApp.app */ = {isa = PBXFileReference; explicitFileType = wrapper.application; includeInIndex = 0; path = SampleApp.app; sourceTree = BUILT_PRODUCTS_DIR; };
		F803A1621A29163600FAD51A /* Info.plist */ = {isa = PBXFileReference; lastKnownFileType = text.plist.xml; path = Info.plist; sourceTree = "<group>"; };
		F803A1631A29163600FAD51A /* AppDelegate.swift */ = {isa = PBXFileReference; lastKnownFileType = sourcecode.swift; path = AppDelegate.swift; sourceTree = "<group>"; };
		F803A1651A29163600FAD51A /* ViewController.swift */ = {isa = PBXFileReference; lastKnownFileType = sourcecode.swift; path = ViewController.swift; sourceTree = "<group>"; };
		F803A1681A29163600FAD51A /* Base */ = {isa = PBXFileReference; lastKnownFileType = file.storyboard; name = Base; path = Base.lproj/Main.storyboard; sourceTree = "<group>"; };
		F803A16A1A29163600FAD51A /* Images.xcassets */ = {isa = PBXFileReference; lastKnownFileType = folder.assetcatalog; path = Images.xcassets; sourceTree = "<group>"; };
		F803A16D1A29163600FAD51A /* Base */ = {isa = PBXFileReference; lastKnownFileType = file.xib; name = Base; path = Base.lproj/LaunchScreen.xib; sourceTree = "<group>"; };
		F829F4A71A178F8C001A34A7 /* ipatool */ = {isa = PBXFileReference; explicitFileType = "compiled.mach-o.executable"; includeInIndex = 0; path = ipatool; sourceTree = BUILT_PRODUCTS_DIR; };
		F829F4AA1A178F8C001A34A7 /* main.swift */ = {isa = PBXFileReference; lastKnownFileType = sourcecode.swift; path = main.swift; sourceTree = "<group>"; };
		F829F4B51A178FAA001A34A7 /* ipatoolTests.xctest */ = {isa = PBXFileReference; explicitFileType = wrapper.cfbundle; includeInIndex = 0; path = ipatoolTests.xctest; sourceTree = BUILT_PRODUCTS_DIR; };
		F829F4B81A178FAA001A34A7 /* Info.plist */ = {isa = PBXFileReference; lastKnownFileType = text.plist.xml; path = Info.plist; sourceTree = "<group>"; };
		F829F4BE1A178FCE001A34A7 /* ITCommandFactoryTests.swift */ = {isa = PBXFileReference; fileEncoding = 4; lastKnownFileType = sourcecode.swift; path = ITCommandFactoryTests.swift; sourceTree = "<group>"; };
		F829F4BF1A178FCE001A34A7 /* ITCommandInfoTests.swift */ = {isa = PBXFileReference; fileEncoding = 4; lastKnownFileType = sourcecode.swift; path = ITCommandInfoTests.swift; sourceTree = "<group>"; };
		F829F4C01A178FCE001A34A7 /* ITIpaTests.swift */ = {isa = PBXFileReference; fileEncoding = 4; lastKnownFileType = sourcecode.swift; path = ITIpaTests.swift; sourceTree = "<group>"; };
		F829F4C11A178FCE001A34A7 /* ITMainTests.swift */ = {isa = PBXFileReference; fileEncoding = 4; lastKnownFileType = sourcecode.swift; path = ITMainTests.swift; sourceTree = "<group>"; };
		F829F4C61A178FDF001A34A7 /* testConfig.json */ = {isa = PBXFileReference; lastKnownFileType = text.json; path = testConfig.json; sourceTree = "<group>"; };
		F829F4CA1A179007001A34A7 /* ITCommand.swift */ = {isa = PBXFileReference; fileEncoding = 4; lastKnownFileType = sourcecode.swift; path = ITCommand.swift; sourceTree = "<group>"; };
		F829F4CB1A179007001A34A7 /* ITCommandFactory.swift */ = {isa = PBXFileReference; fileEncoding = 4; lastKnownFileType = sourcecode.swift; path = ITCommandFactory.swift; sourceTree = "<group>"; };
		F829F4CC1A179007001A34A7 /* ITCommandInfo.swift */ = {isa = PBXFileReference; fileEncoding = 4; lastKnownFileType = sourcecode.swift; path = ITCommandInfo.swift; sourceTree = "<group>"; };
		F829F4CD1A179007001A34A7 /* ITCommandUsage.swift */ = {isa = PBXFileReference; fileEncoding = 4; lastKnownFileType = sourcecode.swift; path = ITCommandUsage.swift; sourceTree = "<group>"; };
		F829F4CE1A179007001A34A7 /* ITIpa.swift */ = {isa = PBXFileReference; fileEncoding = 4; lastKnownFileType = sourcecode.swift; path = ITIpa.swift; sourceTree = "<group>"; };
		F829F4CF1A179007001A34A7 /* ITMain.swift */ = {isa = PBXFileReference; fileEncoding = 4; lastKnownFileType = sourcecode.swift; path = ITMain.swift; sourceTree = "<group>"; };
		F829F4D61A179015001A34A7 /* ipatool-Bridging-Header.h */ = {isa = PBXFileReference; lastKnownFileType = sourcecode.c.h; path = "ipatool-Bridging-Header.h"; sourceTree = "<group>"; };
		F83A04651A2D0C3C00966DF4 /* IPTSystemCommand.swift */ = {isa = PBXFileReference; fileEncoding = 4; lastKnownFileType = sourcecode.swift; path = IPTSystemCommand.swift; sourceTree = "<group>"; };
		F83A04681A2D0C5100966DF4 /* IPTSystemCommandTests.swift */ = {isa = PBXFileReference; fileEncoding = 4; lastKnownFileType = sourcecode.swift; path = IPTSystemCommandTests.swift; sourceTree = "<group>"; };
		F858704C1F5FFD610000E7D0 /* SSZipArchive.framework */ = {isa = PBXFileReference; lastKnownFileType = wrapper.framework; name = SSZipArchive.framework; path = "../../../../Library/Developer/Xcode/DerivedData/IpaTool-bohinbcevrnftaeoqtxkjfjglzbg/Build/Products/Debug/SSZipArchive/SSZipArchive.framework"; sourceTree = "<group>"; };
		F882C91D1A179D5800DDC548 /* ITTestConfig.swift */ = {isa = PBXFileReference; fileEncoding = 4; lastKnownFileType = sourcecode.swift; path = ITTestConfig.swift; sourceTree = "<group>"; };
		F882C91F1A1E8B0E00DDC548 /* ITCMSDecoder.swift */ = {isa = PBXFileReference; fileEncoding = 4; lastKnownFileType = sourcecode.swift; path = ITCMSDecoder.swift; sourceTree = "<group>"; };
		F882C9251A1FC42700DDC548 /* ITSecCertificate.swift */ = {isa = PBXFileReference; fileEncoding = 4; lastKnownFileType = sourcecode.swift; path = ITSecCertificate.swift; sourceTree = "<group>"; };
		F882C9281A1FCDA700DDC548 /* ITProvisioningProfile.swift */ = {isa = PBXFileReference; fileEncoding = 4; lastKnownFileType = sourcecode.swift; path = ITProvisioningProfile.swift; sourceTree = "<group>"; };
		F8BAA8921C4E860D006B93FB /* SampleApp_Ad_Hoc.mobileprovision */ = {isa = PBXFileReference; lastKnownFileType = file; name = SampleApp_Ad_Hoc.mobileprovision; path = IpaToolTests/SampleApp_Ad_Hoc.mobileprovision; sourceTree = SOURCE_ROOT; };
/* End PBXFileReference section */

/* Begin PBXFrameworksBuildPhase section */
		F803A15C1A29163600FAD51A /* Frameworks */ = {
			isa = PBXFrameworksBuildPhase;
			buildActionMask = 2147483647;
			files = (
			);
			runOnlyForDeploymentPostprocessing = 0;
		};
		F829F4A41A178F8C001A34A7 /* Frameworks */ = {
			isa = PBXFrameworksBuildPhase;
			buildActionMask = 2147483647;
			files = (
				1DFB6B36377FE1514A8AFBA6 /* Pods_ipatool.framework in Frameworks */,
				F858704E1F5FFE340000E7D0 /* SSZipArchive.framework in Frameworks */,
			);
			runOnlyForDeploymentPostprocessing = 0;
		};
		F829F4B21A178FAA001A34A7 /* Frameworks */ = {
			isa = PBXFrameworksBuildPhase;
			buildActionMask = 2147483647;
			files = (
				EF4E861B04B8AD125C181E59 /* Pods_ipatool_ipatoolTests.framework in Frameworks */,
			);
			runOnlyForDeploymentPostprocessing = 0;
		};
/* End PBXFrameworksBuildPhase section */

/* Begin PBXGroup section */
		4AF96DC7E1BA8FF42AD6993E /* Pods */ = {
			isa = PBXGroup;
			children = (
				4B0D96E4559B988C7877855A /* Pods-ipatool.debug.xcconfig */,
				13BA98BF844B905A6D678D99 /* Pods-ipatool.release.xcconfig */,
				DB21367DF2C02A87DC9793B0 /* Pods-ipatool-ipatoolTests.debug.xcconfig */,
				66700EB0B04EC85B6B453287 /* Pods-ipatool-ipatoolTests.release.xcconfig */,
			);
			name = Pods;
			sourceTree = "<group>";
		};
		547C36FE7A8108E88FF6809A /* Frameworks */ = {
			isa = PBXGroup;
			children = (
				F858704C1F5FFD610000E7D0 /* SSZipArchive.framework */,
				A6448FFABE10D1E7AD0DF352 /* Pods_ipatool.framework */,
				23383AB1ED86DB9A85141D20 /* Pods_ipatool_ipatoolTests.framework */,
			);
			name = Frameworks;
			sourceTree = "<group>";
		};
		F803A1601A29163600FAD51A /* SampleApp */ = {
			isa = PBXGroup;
			children = (
				F803A1631A29163600FAD51A /* AppDelegate.swift */,
				F803A1651A29163600FAD51A /* ViewController.swift */,
				F803A1671A29163600FAD51A /* Main.storyboard */,
				F803A16A1A29163600FAD51A /* Images.xcassets */,
				F803A16C1A29163600FAD51A /* LaunchScreen.xib */,
				F803A1611A29163600FAD51A /* Supporting Files */,
			);
			path = SampleApp;
			sourceTree = "<group>";
		};
		F803A1611A29163600FAD51A /* Supporting Files */ = {
			isa = PBXGroup;
			children = (
				F803A1621A29163600FAD51A /* Info.plist */,
			);
			name = "Supporting Files";
			sourceTree = "<group>";
		};
		F829F49E1A178F8C001A34A7 = {
			isa = PBXGroup;
			children = (
				F829F4D61A179015001A34A7 /* ipatool-Bridging-Header.h */,
				F829F4A91A178F8C001A34A7 /* ipatool */,
				F829F4B61A178FAA001A34A7 /* ipatoolTests */,
				F803A1601A29163600FAD51A /* SampleApp */,
				F829F4A81A178F8C001A34A7 /* Products */,
				547C36FE7A8108E88FF6809A /* Frameworks */,
				4AF96DC7E1BA8FF42AD6993E /* Pods */,
			);
			sourceTree = "<group>";
		};
		F829F4A81A178F8C001A34A7 /* Products */ = {
			isa = PBXGroup;
			children = (
				F829F4A71A178F8C001A34A7 /* ipatool */,
				F829F4B51A178FAA001A34A7 /* ipatoolTests.xctest */,
				F803A15F1A29163600FAD51A /* SampleApp.app */,
			);
			name = Products;
			sourceTree = "<group>";
		};
		F829F4A91A178F8C001A34A7 /* ipatool */ = {
			isa = PBXGroup;
			children = (
				F829F4AA1A178F8C001A34A7 /* main.swift */,
				F829F4CA1A179007001A34A7 /* ITCommand.swift */,
				F829F4CB1A179007001A34A7 /* ITCommandFactory.swift */,
				F829F4CC1A179007001A34A7 /* ITCommandInfo.swift */,
				F829F4CD1A179007001A34A7 /* ITCommandUsage.swift */,
				F829F4CE1A179007001A34A7 /* ITIpa.swift */,
				F829F4CF1A179007001A34A7 /* ITMain.swift */,
				F882C91F1A1E8B0E00DDC548 /* ITCMSDecoder.swift */,
				F882C9251A1FC42700DDC548 /* ITSecCertificate.swift */,
				F882C9281A1FCDA700DDC548 /* ITProvisioningProfile.swift */,
				F803A14B1A28FF4600FAD51A /* IPTCommandVersion.swift */,
				F803A1531A2902C900FAD51A /* IPTCommandBuild.swift */,
				F803A1581A290B2F00FAD51A /* IPTCommandResign.swift */,
				F83A04651A2D0C3C00966DF4 /* IPTSystemCommand.swift */,
			);
			path = ipatool;
			sourceTree = "<group>";
		};
		F829F4B61A178FAA001A34A7 /* ipatoolTests */ = {
			isa = PBXGroup;
			children = (
				F829F4C61A178FDF001A34A7 /* testConfig.json */,
				F8BAA8921C4E860D006B93FB /* SampleApp_Ad_Hoc.mobileprovision */,
				F882C91D1A179D5800DDC548 /* ITTestConfig.swift */,
				F829F4B71A178FAA001A34A7 /* Supporting Files */,
				F829F4BE1A178FCE001A34A7 /* ITCommandFactoryTests.swift */,
				F829F4BF1A178FCE001A34A7 /* ITCommandInfoTests.swift */,
				F829F4C01A178FCE001A34A7 /* ITIpaTests.swift */,
				F829F4C11A178FCE001A34A7 /* ITMainTests.swift */,
				F803A1491A28FE9700FAD51A /* IPTCommandVersionTests.swift */,
				F803A1511A29028000FAD51A /* IPTCommandBuildTests.swift */,
				F803A1561A2905CC00FAD51A /* IPTCommandResignTests.swift */,
				F83A04681A2D0C5100966DF4 /* IPTSystemCommandTests.swift */,
			);
			path = ipatoolTests;
			sourceTree = "<group>";
		};
		F829F4B71A178FAA001A34A7 /* Supporting Files */ = {
			isa = PBXGroup;
			children = (
				F829F4B81A178FAA001A34A7 /* Info.plist */,
			);
			name = "Supporting Files";
			sourceTree = "<group>";
		};
/* End PBXGroup section */

/* Begin PBXNativeTarget section */
		F803A15E1A29163600FAD51A /* SampleApp */ = {
			isa = PBXNativeTarget;
			buildConfigurationList = F803A17B1A29163600FAD51A /* Build configuration list for PBXNativeTarget "SampleApp" */;
			buildPhases = (
				F803A15B1A29163600FAD51A /* Sources */,
				F803A15C1A29163600FAD51A /* Frameworks */,
				F803A15D1A29163600FAD51A /* Resources */,
			);
			buildRules = (
			);
			dependencies = (
			);
			name = SampleApp;
			productName = SampleApp;
			productReference = F803A15F1A29163600FAD51A /* SampleApp.app */;
			productType = "com.apple.product-type.application";
		};
		F829F4A61A178F8C001A34A7 /* ipatool */ = {
			isa = PBXNativeTarget;
			buildConfigurationList = F829F4AE1A178F8C001A34A7 /* Build configuration list for PBXNativeTarget "ipatool" */;
			buildPhases = (
				47051A3241BFC6B6325E9AD0 /* [CP] Check Pods Manifest.lock */,
				F829F4A31A178F8C001A34A7 /* Sources */,
				F829F4A41A178F8C001A34A7 /* Frameworks */,
				F829F4A51A178F8C001A34A7 /* CopyFiles */,
				A96874D1C81735094BAE8EED /* [CP] Copy Pods Resources */,
			);
			buildRules = (
			);
			dependencies = (
			);
			name = ipatool;
			productName = ipatool;
			productReference = F829F4A71A178F8C001A34A7 /* ipatool */;
			productType = "com.apple.product-type.tool";
		};
		F829F4B41A178FAA001A34A7 /* ipatoolTests */ = {
			isa = PBXNativeTarget;
			buildConfigurationList = F829F4BD1A178FAA001A34A7 /* Build configuration list for PBXNativeTarget "ipatoolTests" */;
			buildPhases = (
				50250267946AE631B07E09EA /* [CP] Check Pods Manifest.lock */,
				F803A1831A29172800FAD51A /* ShellScript */,
				F829F4B11A178FAA001A34A7 /* Sources */,
				F829F4B21A178FAA001A34A7 /* Frameworks */,
				F829F4B31A178FAA001A34A7 /* Resources */,
				E906DBC9091825F9500EF813 /* [CP] Embed Pods Frameworks */,
				EE0296ECF4A8F464A905C620 /* [CP] Copy Pods Resources */,
			);
			buildRules = (
			);
			dependencies = (
				F8BAA8911C4E8599006B93FB /* PBXTargetDependency */,
			);
			name = ipatoolTests;
			productName = ipatoolTests;
			productReference = F829F4B51A178FAA001A34A7 /* ipatoolTests.xctest */;
			productType = "com.apple.product-type.bundle.unit-test";
		};
/* End PBXNativeTarget section */

/* Begin PBXProject section */
		F829F49F1A178F8C001A34A7 /* Project object */ = {
			isa = PBXProject;
			attributes = {
				LastSwiftMigration = 0720;
				LastSwiftUpdateCheck = 0720;
				LastUpgradeCheck = 0610;
				ORGANIZATIONNAME = "Stefan van den Oord";
				TargetAttributes = {
					F803A15E1A29163600FAD51A = {
						CreatedOnToolsVersion = 6.1;
						DevelopmentTeam = 7EQ9KX3BR9;
						LastSwiftMigration = 0830;
					};
					F829F4A61A178F8C001A34A7 = {
						CreatedOnToolsVersion = 6.1;
						LastSwiftMigration = 0830;
					};
					F829F4B41A178FAA001A34A7 = {
						CreatedOnToolsVersion = 6.1;
						LastSwiftMigration = 0830;
					};
				};
			};
			buildConfigurationList = F829F4A21A178F8C001A34A7 /* Build configuration list for PBXProject "IpaTool" */;
			compatibilityVersion = "Xcode 3.2";
			developmentRegion = English;
			hasScannedForEncodings = 0;
			knownRegions = (
				en,
				Base,
			);
			mainGroup = F829F49E1A178F8C001A34A7;
			productRefGroup = F829F4A81A178F8C001A34A7 /* Products */;
			projectDirPath = "";
			projectRoot = "";
			targets = (
				F829F4A61A178F8C001A34A7 /* ipatool */,
				F829F4B41A178FAA001A34A7 /* ipatoolTests */,
				F803A15E1A29163600FAD51A /* SampleApp */,
			);
		};
/* End PBXProject section */

/* Begin PBXResourcesBuildPhase section */
		F803A15D1A29163600FAD51A /* Resources */ = {
			isa = PBXResourcesBuildPhase;
			buildActionMask = 2147483647;
			files = (
				F803A1691A29163600FAD51A /* Main.storyboard in Resources */,
				F803A16E1A29163600FAD51A /* LaunchScreen.xib in Resources */,
				F803A16B1A29163600FAD51A /* Images.xcassets in Resources */,
			);
			runOnlyForDeploymentPostprocessing = 0;
		};
		F829F4B31A178FAA001A34A7 /* Resources */ = {
			isa = PBXResourcesBuildPhase;
			buildActionMask = 2147483647;
			files = (
				F8BAA8931C4E860D006B93FB /* SampleApp_Ad_Hoc.mobileprovision in Resources */,
				F829F4DD1A179128001A34A7 /* testConfig.json in Resources */,
			);
			runOnlyForDeploymentPostprocessing = 0;
		};
/* End PBXResourcesBuildPhase section */

/* Begin PBXShellScriptBuildPhase section */
		47051A3241BFC6B6325E9AD0 /* [CP] Check Pods Manifest.lock */ = {
			isa = PBXShellScriptBuildPhase;
			buildActionMask = 2147483647;
			files = (
			);
			inputPaths = (
				"${PODS_PODFILE_DIR_PATH}/Podfile.lock",
				"${PODS_ROOT}/Manifest.lock",
			);
			name = "[CP] Check Pods Manifest.lock";
			outputPaths = (
				"$(DERIVED_FILE_DIR)/Pods-ipatool-checkManifestLockResult.txt",
			);
			runOnlyForDeploymentPostprocessing = 0;
			shellPath = /bin/sh;
			shellScript = "diff \"${PODS_PODFILE_DIR_PATH}/Podfile.lock\" \"${PODS_ROOT}/Manifest.lock\" > /dev/null\nif [ $? != 0 ] ; then\n    # print error to STDERR\n    echo \"error: The sandbox is not in sync with the Podfile.lock. Run 'pod install' or update your CocoaPods installation.\" >&2\n    exit 1\nfi\n# This output is used by Xcode 'outputs' to avoid re-running this script phase.\necho \"SUCCESS\" > \"${SCRIPT_OUTPUT_FILE_0}\"\n";
			showEnvVarsInLog = 0;
		};
		50250267946AE631B07E09EA /* [CP] Check Pods Manifest.lock */ = {
			isa = PBXShellScriptBuildPhase;
			buildActionMask = 2147483647;
			files = (
			);
			inputPaths = (
				"${PODS_PODFILE_DIR_PATH}/Podfile.lock",
				"${PODS_ROOT}/Manifest.lock",
			);
			name = "[CP] Check Pods Manifest.lock";
			outputPaths = (
				"$(DERIVED_FILE_DIR)/Pods-ipatool-ipatoolTests-checkManifestLockResult.txt",
			);
			runOnlyForDeploymentPostprocessing = 0;
			shellPath = /bin/sh;
			shellScript = "diff \"${PODS_PODFILE_DIR_PATH}/Podfile.lock\" \"${PODS_ROOT}/Manifest.lock\" > /dev/null\nif [ $? != 0 ] ; then\n    # print error to STDERR\n    echo \"error: The sandbox is not in sync with the Podfile.lock. Run 'pod install' or update your CocoaPods installation.\" >&2\n    exit 1\nfi\n# This output is used by Xcode 'outputs' to avoid re-running this script phase.\necho \"SUCCESS\" > \"${SCRIPT_OUTPUT_FILE_0}\"\n";
			showEnvVarsInLog = 0;
		};
		A96874D1C81735094BAE8EED /* [CP] Copy Pods Resources */ = {
			isa = PBXShellScriptBuildPhase;
			buildActionMask = 2147483647;
			files = (
			);
			inputPaths = (
			);
			name = "[CP] Copy Pods Resources";
			outputPaths = (
			);
			runOnlyForDeploymentPostprocessing = 0;
			shellPath = /bin/sh;
			shellScript = "\"${SRCROOT}/Pods/Target Support Files/Pods-ipatool/Pods-ipatool-resources.sh\"\n";
			showEnvVarsInLog = 0;
		};
		E906DBC9091825F9500EF813 /* [CP] Embed Pods Frameworks */ = {
			isa = PBXShellScriptBuildPhase;
			buildActionMask = 2147483647;
			files = (
			);
			inputPaths = (
				"${SRCROOT}/Pods/Target Support Files/Pods-ipatool-ipatoolTests/Pods-ipatool-ipatoolTests-frameworks.sh",
				"${BUILT_PRODUCTS_DIR}/SSZipArchive/SSZipArchive.framework",
			);
			name = "[CP] Embed Pods Frameworks";
			outputPaths = (
				"${TARGET_BUILD_DIR}/${FRAMEWORKS_FOLDER_PATH}/SSZipArchive.framework",
			);
			runOnlyForDeploymentPostprocessing = 0;
			shellPath = /bin/sh;
			shellScript = "\"${SRCROOT}/Pods/Target Support Files/Pods-ipatool-ipatoolTests/Pods-ipatool-ipatoolTests-frameworks.sh\"\n";
			showEnvVarsInLog = 0;
		};
		EE0296ECF4A8F464A905C620 /* [CP] Copy Pods Resources */ = {
			isa = PBXShellScriptBuildPhase;
			buildActionMask = 2147483647;
			files = (
			);
			inputPaths = (
			);
			name = "[CP] Copy Pods Resources";
			outputPaths = (
			);
			runOnlyForDeploymentPostprocessing = 0;
			shellPath = /bin/sh;
			shellScript = "\"${SRCROOT}/Pods/Target Support Files/Pods-ipatool-ipatoolTests/Pods-ipatool-ipatoolTests-resources.sh\"\n";
			showEnvVarsInLog = 0;
		};
		F803A1831A29172800FAD51A /* ShellScript */ = {
			isa = PBXShellScriptBuildPhase;
			buildActionMask = 2147483647;
			files = (
			);
			inputPaths = (
			);
			outputPaths = (
			);
			runOnlyForDeploymentPostprocessing = 0;
			shellPath = /bin/sh;
			shellScript = "#rm \"$BUILT_PRODUCTS_DIR/SampleApp.ipa\"\nif ( ! test -f \"$BUILT_PRODUCTS_DIR/SampleApp.ipa\" ); then\n    xcodebuild -scheme SampleApp archive -archivePath \"$BUILT_PRODUCTS_DIR/SampleApp\"\n    xcodebuild -exportArchive -exportFormat ipa -archivePath \"$BUILT_PRODUCTS_DIR/SampleApp.xcarchive\" -exportPath \"$BUILT_PRODUCTS_DIR/SampleApp.ipa\"\n    cat \"$SRCROOT/ipatoolTests/testConfig.json\" |sed -E 's|^(.*\"ipaDir\":\")xyz(\".*)$|\\1'$BUILT_PRODUCTS_DIR'\\2|' > \"$SRCROOT/ipatoolTests/testConfig.json.new\"\n    mv \"$SRCROOT/ipatoolTests/testConfig.json.new\" \"$SRCROOT/ipatoolTests/testConfig.json\"\nfi\n";
		};
/* End PBXShellScriptBuildPhase section */

/* Begin PBXSourcesBuildPhase section */
		F803A15B1A29163600FAD51A /* Sources */ = {
			isa = PBXSourcesBuildPhase;
			buildActionMask = 2147483647;
			files = (
				F803A1661A29163600FAD51A /* ViewController.swift in Sources */,
				F803A1641A29163600FAD51A /* AppDelegate.swift in Sources */,
			);
			runOnlyForDeploymentPostprocessing = 0;
		};
		F829F4A31A178F8C001A34A7 /* Sources */ = {
			isa = PBXSourcesBuildPhase;
			buildActionMask = 2147483647;
			files = (
				F83A04661A2D0C3C00966DF4 /* IPTSystemCommand.swift in Sources */,
				F803A1541A2902C900FAD51A /* IPTCommandBuild.swift in Sources */,
				F803A14C1A28FF4600FAD51A /* IPTCommandVersion.swift in Sources */,
				F829F4D01A179007001A34A7 /* ITCommand.swift in Sources */,
				F829F4D41A179007001A34A7 /* ITIpa.swift in Sources */,
				F829F4D51A179007001A34A7 /* ITMain.swift in Sources */,
				F882C9201A1E8B0E00DDC548 /* ITCMSDecoder.swift in Sources */,
				F829F4D31A179007001A34A7 /* ITCommandUsage.swift in Sources */,
				F882C9261A1FC42700DDC548 /* ITSecCertificate.swift in Sources */,
				F829F4AB1A178F8C001A34A7 /* main.swift in Sources */,
				F829F4D21A179007001A34A7 /* ITCommandInfo.swift in Sources */,
				F803A1591A290B2F00FAD51A /* IPTCommandResign.swift in Sources */,
				F882C9291A1FCDA700DDC548 /* ITProvisioningProfile.swift in Sources */,
				F829F4D11A179007001A34A7 /* ITCommandFactory.swift in Sources */,
			);
			runOnlyForDeploymentPostprocessing = 0;
		};
		F829F4B11A178FAA001A34A7 /* Sources */ = {
			isa = PBXSourcesBuildPhase;
			buildActionMask = 2147483647;
			files = (
				F803A1551A2902C900FAD51A /* IPTCommandBuild.swift in Sources */,
				F829F4DA1A179110001A34A7 /* ITCommandUsage.swift in Sources */,
				F829F4C31A178FCE001A34A7 /* ITCommandInfoTests.swift in Sources */,
				F829F4C51A178FCE001A34A7 /* ITMainTests.swift in Sources */,
				F829F4D91A179110001A34A7 /* ITCommandInfo.swift in Sources */,
				F803A1521A29028000FAD51A /* IPTCommandBuildTests.swift in Sources */,
				F803A14D1A28FF4800FAD51A /* IPTCommandVersion.swift in Sources */,
				F829F4D71A179110001A34A7 /* ITCommand.swift in Sources */,
				F829F4C21A178FCE001A34A7 /* ITCommandFactoryTests.swift in Sources */,
				F862CD511A29320900AC1B8B /* IPTCommandResignTests.swift in Sources */,
				F803A15A1A290B2F00FAD51A /* IPTCommandResign.swift in Sources */,
				F803A14A1A28FE9700FAD51A /* IPTCommandVersionTests.swift in Sources */,
				F829F4C41A178FCE001A34A7 /* ITIpaTests.swift in Sources */,
				F882C9271A1FC42700DDC548 /* ITSecCertificate.swift in Sources */,
				F83A04671A2D0C3C00966DF4 /* IPTSystemCommand.swift in Sources */,
				F882C9211A1E8C3400DDC548 /* ITCMSDecoder.swift in Sources */,
				F882C92A1A1FCDA700DDC548 /* ITProvisioningProfile.swift in Sources */,
				F829F4DB1A179110001A34A7 /* ITIpa.swift in Sources */,
				F829F4D81A179110001A34A7 /* ITCommandFactory.swift in Sources */,
				F882C91E1A179D5800DDC548 /* ITTestConfig.swift in Sources */,
				F83A04691A2D0C5100966DF4 /* IPTSystemCommandTests.swift in Sources */,
				F829F4DC1A179110001A34A7 /* ITMain.swift in Sources */,
			);
			runOnlyForDeploymentPostprocessing = 0;
		};
/* End PBXSourcesBuildPhase section */

/* Begin PBXTargetDependency section */
		F8BAA8911C4E8599006B93FB /* PBXTargetDependency */ = {
			isa = PBXTargetDependency;
			target = F803A15E1A29163600FAD51A /* SampleApp */;
			targetProxy = F8BAA8901C4E8599006B93FB /* PBXContainerItemProxy */;
		};
/* End PBXTargetDependency section */

/* Begin PBXVariantGroup section */
		F803A1671A29163600FAD51A /* Main.storyboard */ = {
			isa = PBXVariantGroup;
			children = (
				F803A1681A29163600FAD51A /* Base */,
			);
			name = Main.storyboard;
			sourceTree = "<group>";
		};
		F803A16C1A29163600FAD51A /* LaunchScreen.xib */ = {
			isa = PBXVariantGroup;
			children = (
				F803A16D1A29163600FAD51A /* Base */,
			);
			name = LaunchScreen.xib;
			sourceTree = "<group>";
		};
/* End PBXVariantGroup section */

/* Begin XCBuildConfiguration section */
		F803A17C1A29163600FAD51A /* Debug */ = {
			isa = XCBuildConfiguration;
			buildSettings = {
				ASSETCATALOG_COMPILER_APPICON_NAME = AppIcon;
				"CODE_SIGN_IDENTITY[sdk=iphoneos*]" = "iPhone Developer";
				DEVELOPMENT_TEAM = 7EQ9KX3BR9;
				GCC_PREPROCESSOR_DEFINITIONS = (
					"DEBUG=1",
					"$(inherited)",
				);
				INFOPLIST_FILE = SampleApp/Info.plist;
				IPHONEOS_DEPLOYMENT_TARGET = 8.0;
				LD_RUNPATH_SEARCH_PATHS = "$(inherited) @executable_path/Frameworks";
				PRODUCT_NAME = "$(TARGET_NAME)";
				SDKROOT = iphoneos;
				SWIFT_VERSION = 3.0;
				TARGETED_DEVICE_FAMILY = "1,2";
			};
			name = Debug;
		};
		F803A17D1A29163600FAD51A /* Release */ = {
			isa = XCBuildConfiguration;
			buildSettings = {
				ASSETCATALOG_COMPILER_APPICON_NAME = AppIcon;
				"CODE_SIGN_IDENTITY[sdk=iphoneos*]" = "iPhone Developer";
				DEVELOPMENT_TEAM = 7EQ9KX3BR9;
				INFOPLIST_FILE = SampleApp/Info.plist;
				IPHONEOS_DEPLOYMENT_TARGET = 8.0;
				LD_RUNPATH_SEARCH_PATHS = "$(inherited) @executable_path/Frameworks";
				PRODUCT_NAME = "$(TARGET_NAME)";
				SDKROOT = iphoneos;
				SWIFT_VERSION = 3.0;
				TARGETED_DEVICE_FAMILY = "1,2";
				VALIDATE_PRODUCT = YES;
			};
			name = Release;
		};
		F829F4AC1A178F8C001A34A7 /* Debug */ = {
			isa = XCBuildConfiguration;
			buildSettings = {
				ALWAYS_SEARCH_USER_PATHS = NO;
				CLANG_CXX_LANGUAGE_STANDARD = "gnu++0x";
				CLANG_CXX_LIBRARY = "libc++";
				CLANG_ENABLE_MODULES = YES;
				CLANG_ENABLE_OBJC_ARC = YES;
				CLANG_WARN_BOOL_CONVERSION = YES;
				CLANG_WARN_CONSTANT_CONVERSION = YES;
				CLANG_WARN_DIRECT_OBJC_ISA_USAGE = YES_ERROR;
				CLANG_WARN_EMPTY_BODY = YES;
				CLANG_WARN_ENUM_CONVERSION = YES;
				CLANG_WARN_INT_CONVERSION = YES;
				CLANG_WARN_OBJC_ROOT_CLASS = YES_ERROR;
				CLANG_WARN_UNREACHABLE_CODE = YES;
				CLANG_WARN__DUPLICATE_METHOD_MATCH = YES;
				COPY_PHASE_STRIP = NO;
				ENABLE_STRICT_OBJC_MSGSEND = YES;
				GCC_C_LANGUAGE_STANDARD = gnu99;
				GCC_DYNAMIC_NO_PIC = NO;
				GCC_OPTIMIZATION_LEVEL = 0;
				GCC_PREPROCESSOR_DEFINITIONS = (
					"DEBUG=1",
					"$(inherited)",
				);
				GCC_SYMBOLS_PRIVATE_EXTERN = NO;
				GCC_WARN_64_TO_32_BIT_CONVERSION = YES;
				GCC_WARN_ABOUT_RETURN_TYPE = YES_ERROR;
				GCC_WARN_UNDECLARED_SELECTOR = YES;
				GCC_WARN_UNINITIALIZED_AUTOS = YES_AGGRESSIVE;
				GCC_WARN_UNUSED_FUNCTION = YES;
				GCC_WARN_UNUSED_VARIABLE = YES;
				MACOSX_DEPLOYMENT_TARGET = 10.10;
				MTL_ENABLE_DEBUG_INFO = YES;
				ONLY_ACTIVE_ARCH = YES;
				SDKROOT = macosx;
				SWIFT_OPTIMIZATION_LEVEL = "-Onone";
			};
			name = Debug;
		};
		F829F4AD1A178F8C001A34A7 /* Release */ = {
			isa = XCBuildConfiguration;
			buildSettings = {
				ALWAYS_SEARCH_USER_PATHS = NO;
				CLANG_CXX_LANGUAGE_STANDARD = "gnu++0x";
				CLANG_CXX_LIBRARY = "libc++";
				CLANG_ENABLE_MODULES = YES;
				CLANG_ENABLE_OBJC_ARC = YES;
				CLANG_WARN_BOOL_CONVERSION = YES;
				CLANG_WARN_CONSTANT_CONVERSION = YES;
				CLANG_WARN_DIRECT_OBJC_ISA_USAGE = YES_ERROR;
				CLANG_WARN_EMPTY_BODY = YES;
				CLANG_WARN_ENUM_CONVERSION = YES;
				CLANG_WARN_INT_CONVERSION = YES;
				CLANG_WARN_OBJC_ROOT_CLASS = YES_ERROR;
				CLANG_WARN_UNREACHABLE_CODE = YES;
				CLANG_WARN__DUPLICATE_METHOD_MATCH = YES;
				COPY_PHASE_STRIP = YES;
				DEBUG_INFORMATION_FORMAT = "dwarf-with-dsym";
				ENABLE_NS_ASSERTIONS = NO;
				ENABLE_STRICT_OBJC_MSGSEND = YES;
				GCC_C_LANGUAGE_STANDARD = gnu99;
				GCC_WARN_64_TO_32_BIT_CONVERSION = YES;
				GCC_WARN_ABOUT_RETURN_TYPE = YES_ERROR;
				GCC_WARN_UNDECLARED_SELECTOR = YES;
				GCC_WARN_UNINITIALIZED_AUTOS = YES_AGGRESSIVE;
				GCC_WARN_UNUSED_FUNCTION = YES;
				GCC_WARN_UNUSED_VARIABLE = YES;
				MACOSX_DEPLOYMENT_TARGET = 10.10;
				MTL_ENABLE_DEBUG_INFO = NO;
				SDKROOT = macosx;
			};
			name = Release;
		};
		F829F4AF1A178F8C001A34A7 /* Debug */ = {
			isa = XCBuildConfiguration;
			baseConfigurationReference = 4B0D96E4559B988C7877855A /* Pods-ipatool.debug.xcconfig */;
			buildSettings = {
				CLANG_ENABLE_MODULES = YES;
				LD_RUNPATH_SEARCH_PATHS = "$(inherited) @executable_path/../Frameworks @loader_path/../Frameworks";
				PRODUCT_NAME = "$(TARGET_NAME)";
				SWIFT_OBJC_BRIDGING_HEADER = "ipatool-Bridging-Header.h";
				SWIFT_OPTIMIZATION_LEVEL = "-Onone";
				SWIFT_VERSION = 3.0;
			};
			name = Debug;
		};
		F829F4B01A178F8C001A34A7 /* Release */ = {
			isa = XCBuildConfiguration;
			baseConfigurationReference = 13BA98BF844B905A6D678D99 /* Pods-ipatool.release.xcconfig */;
			buildSettings = {
				CLANG_ENABLE_MODULES = YES;
				LD_RUNPATH_SEARCH_PATHS = "$(inherited) @executable_path/../Frameworks @loader_path/../Frameworks";
				PRODUCT_NAME = "$(TARGET_NAME)";
				SWIFT_OBJC_BRIDGING_HEADER = "ipatool-Bridging-Header.h";
				SWIFT_VERSION = 3.0;
			};
			name = Release;
		};
		F829F4BB1A178FAA001A34A7 /* Debug */ = {
			isa = XCBuildConfiguration;
			baseConfigurationReference = DB21367DF2C02A87DC9793B0 /* Pods-ipatool-ipatoolTests.debug.xcconfig */;
			buildSettings = {
				CLANG_ENABLE_MODULES = YES;
				COMBINE_HIDPI_IMAGES = YES;
				FRAMEWORK_SEARCH_PATHS = (
					"$(DEVELOPER_FRAMEWORKS_DIR)",
					"$(inherited)",
				);
				GCC_PREPROCESSOR_DEFINITIONS = (
					"DEBUG=1",
					"$(inherited)",
				);
				INFOPLIST_FILE = ipatoolTests/Info.plist;
				LD_RUNPATH_SEARCH_PATHS = "$(inherited) @executable_path/../Frameworks @loader_path/../Frameworks";
				PRODUCT_NAME = "$(TARGET_NAME)";
				SWIFT_OBJC_BRIDGING_HEADER = "ipatool-Bridging-Header.h";
				SWIFT_OPTIMIZATION_LEVEL = "-Onone";
				SWIFT_VERSION = 3.0;
			};
			name = Debug;
		};
		F829F4BC1A178FAA001A34A7 /* Release */ = {
			isa = XCBuildConfiguration;
			baseConfigurationReference = 66700EB0B04EC85B6B453287 /* Pods-ipatool-ipatoolTests.release.xcconfig */;
			buildSettings = {
				CLANG_ENABLE_MODULES = YES;
				COMBINE_HIDPI_IMAGES = YES;
				FRAMEWORK_SEARCH_PATHS = (
					"$(DEVELOPER_FRAMEWORKS_DIR)",
					"$(inherited)",
				);
				INFOPLIST_FILE = ipatoolTests/Info.plist;
				LD_RUNPATH_SEARCH_PATHS = "$(inherited) @executable_path/../Frameworks @loader_path/../Frameworks";
				PRODUCT_NAME = "$(TARGET_NAME)";
				SWIFT_OBJC_BRIDGING_HEADER = "ipatool-Bridging-Header.h";
				SWIFT_VERSION = 3.0;
			};
			name = Release;
		};
/* End XCBuildConfiguration section */

/* Begin XCConfigurationList section */
		F803A17B1A29163600FAD51A /* Build configuration list for PBXNativeTarget "SampleApp" */ = {
			isa = XCConfigurationList;
			buildConfigurations = (
				F803A17C1A29163600FAD51A /* Debug */,
				F803A17D1A29163600FAD51A /* Release */,
			);
			defaultConfigurationIsVisible = 0;
			defaultConfigurationName = Release;
		};
		F829F4A21A178F8C001A34A7 /* Build configuration list for PBXProject "IpaTool" */ = {
			isa = XCConfigurationList;
			buildConfigurations = (
				F829F4AC1A178F8C001A34A7 /* Debug */,
				F829F4AD1A178F8C001A34A7 /* Release */,
			);
			defaultConfigurationIsVisible = 0;
			defaultConfigurationName = Release;
		};
		F829F4AE1A178F8C001A34A7 /* Build configuration list for PBXNativeTarget "ipatool" */ = {
			isa = XCConfigurationList;
			buildConfigurations = (
				F829F4AF1A178F8C001A34A7 /* Debug */,
				F829F4B01A178F8C001A34A7 /* Release */,
			);
			defaultConfigurationIsVisible = 0;
			defaultConfigurationName = Release;
		};
		F829F4BD1A178FAA001A34A7 /* Build configuration list for PBXNativeTarget "ipatoolTests" */ = {
			isa = XCConfigurationList;
			buildConfigurations = (
				F829F4BB1A178FAA001A34A7 /* Debug */,
				F829F4BC1A178FAA001A34A7 /* Release */,
			);
			defaultConfigurationIsVisible = 0;
			defaultConfigurationName = Release;
		};
/* End XCConfigurationList section */
	};
	rootObject = F829F49F1A178F8C001A34A7 /* Project object */;
}
